// !$*UTF8*$!
{
	archiveVersion = 1;
	classes = {
	};
	objectVersion = 55;
	objects = {

/* Begin PBXBuildFile section */
		4D06902D28ADB4FA00591CAC /* CharchtersCountView in Frameworks */ = {isa = PBXBuildFile; productRef = 4D06902C28ADB4FA00591CAC /* CharchtersCountView */; };
		4D06903028ADB50C00591CAC /* TwitterTextView in Frameworks */ = {isa = PBXBuildFile; productRef = 4D06902F28ADB50C00591CAC /* TwitterTextView */; };
		4D06903528ADB5F900591CAC /* View+Extension.swift in Sources */ = {isa = PBXBuildFile; fileRef = 4D06903128ADB5F800591CAC /* View+Extension.swift */; };
		4D06903628ADB5F900591CAC /* Localization.swift in Sources */ = {isa = PBXBuildFile; fileRef = 4D06903228ADB5F900591CAC /* Localization.swift */; };
		4D06903728ADB5F900591CAC /* UILabel+Extesnion.swift in Sources */ = {isa = PBXBuildFile; fileRef = 4D06903328ADB5F900591CAC /* UILabel+Extesnion.swift */; };
		4D06903828ADB5F900591CAC /* UIButton+Extension.swift in Sources */ = {isa = PBXBuildFile; fileRef = 4D06903428ADB5F900591CAC /* UIButton+Extension.swift */; };
		4D0A1D3528A80BE7007AFC19 /* AppDelegate.swift in Sources */ = {isa = PBXBuildFile; fileRef = 4D0A1D3428A80BE7007AFC19 /* AppDelegate.swift */; };
		4D0A1D3928A80BE7007AFC19 /* ViewController.swift in Sources */ = {isa = PBXBuildFile; fileRef = 4D0A1D3828A80BE7007AFC19 /* ViewController.swift */; };
		4D0A1D3E28A80BE8007AFC19 /* Assets.xcassets in Resources */ = {isa = PBXBuildFile; fileRef = 4D0A1D3D28A80BE8007AFC19 /* Assets.xcassets */; };
		4D0A1D4128A80BE8007AFC19 /* LaunchScreen.storyboard in Resources */ = {isa = PBXBuildFile; fileRef = 4D0A1D3F28A80BE8007AFC19 /* LaunchScreen.storyboard */; };
		4D0A1D4C28A80BE8007AFC19 /* TwitterCounterTests.swift in Sources */ = {isa = PBXBuildFile; fileRef = 4D0A1D4B28A80BE8007AFC19 /* TwitterCounterTests.swift */; };
		4D0A1D5628A80BE9007AFC19 /* TwitterCounterUITests.swift in Sources */ = {isa = PBXBuildFile; fileRef = 4D0A1D5528A80BE9007AFC19 /* TwitterCounterUITests.swift */; };
		4D0A1D5828A80BE9007AFC19 /* TwitterCounterUITestsLaunchTests.swift in Sources */ = {isa = PBXBuildFile; fileRef = 4D0A1D5728A80BE9007AFC19 /* TwitterCounterUITestsLaunchTests.swift */; };
		4D0A1D6F28A84CF2007AFC19 /* ViewController.xib in Resources */ = {isa = PBXBuildFile; fileRef = 4D0A1D6E28A84CF2007AFC19 /* ViewController.xib */; };
/* End PBXBuildFile section */

/* Begin PBXContainerItemProxy section */
		4D0A1D4828A80BE8007AFC19 /* PBXContainerItemProxy */ = {
			isa = PBXContainerItemProxy;
			containerPortal = 4D0A1D2928A80BE7007AFC19 /* Project object */;
			proxyType = 1;
			remoteGlobalIDString = 4D0A1D3028A80BE7007AFC19;
			remoteInfo = TwitterCounter;
		};
		4D0A1D5228A80BE9007AFC19 /* PBXContainerItemProxy */ = {
			isa = PBXContainerItemProxy;
			containerPortal = 4D0A1D2928A80BE7007AFC19 /* Project object */;
			proxyType = 1;
			remoteGlobalIDString = 4D0A1D3028A80BE7007AFC19;
			remoteInfo = TwitterCounter;
		};
/* End PBXContainerItemProxy section */

/* Begin PBXFileReference section */
		4D06903128ADB5F800591CAC /* View+Extension.swift */ = {isa = PBXFileReference; fileEncoding = 4; lastKnownFileType = sourcecode.swift; path = "View+Extension.swift"; sourceTree = "<group>"; };
		4D06903228ADB5F900591CAC /* Localization.swift */ = {isa = PBXFileReference; fileEncoding = 4; lastKnownFileType = sourcecode.swift; path = Localization.swift; sourceTree = "<group>"; };
		4D06903328ADB5F900591CAC /* UILabel+Extesnion.swift */ = {isa = PBXFileReference; fileEncoding = 4; lastKnownFileType = sourcecode.swift; path = "UILabel+Extesnion.swift"; sourceTree = "<group>"; };
		4D06903428ADB5F900591CAC /* UIButton+Extension.swift */ = {isa = PBXFileReference; fileEncoding = 4; lastKnownFileType = sourcecode.swift; path = "UIButton+Extension.swift"; sourceTree = "<group>"; };
		4D0A1D3128A80BE7007AFC19 /* TwitterCounter.app */ = {isa = PBXFileReference; explicitFileType = wrapper.application; includeInIndex = 0; path = TwitterCounter.app; sourceTree = BUILT_PRODUCTS_DIR; };
		4D0A1D3428A80BE7007AFC19 /* AppDelegate.swift */ = {isa = PBXFileReference; lastKnownFileType = sourcecode.swift; path = AppDelegate.swift; sourceTree = "<group>"; };
		4D0A1D3828A80BE7007AFC19 /* ViewController.swift */ = {isa = PBXFileReference; lastKnownFileType = sourcecode.swift; path = ViewController.swift; sourceTree = "<group>"; };
		4D0A1D3D28A80BE8007AFC19 /* Assets.xcassets */ = {isa = PBXFileReference; lastKnownFileType = folder.assetcatalog; path = Assets.xcassets; sourceTree = "<group>"; };
		4D0A1D4028A80BE8007AFC19 /* Base */ = {isa = PBXFileReference; lastKnownFileType = file.storyboard; name = Base; path = Base.lproj/LaunchScreen.storyboard; sourceTree = "<group>"; };
		4D0A1D4228A80BE8007AFC19 /* Info.plist */ = {isa = PBXFileReference; lastKnownFileType = text.plist.xml; path = Info.plist; sourceTree = "<group>"; };
		4D0A1D4728A80BE8007AFC19 /* TwitterCounterTests.xctest */ = {isa = PBXFileReference; explicitFileType = wrapper.cfbundle; includeInIndex = 0; path = TwitterCounterTests.xctest; sourceTree = BUILT_PRODUCTS_DIR; };
		4D0A1D4B28A80BE8007AFC19 /* TwitterCounterTests.swift */ = {isa = PBXFileReference; lastKnownFileType = sourcecode.swift; path = TwitterCounterTests.swift; sourceTree = "<group>"; };
		4D0A1D5128A80BE9007AFC19 /* TwitterCounterUITests.xctest */ = {isa = PBXFileReference; explicitFileType = wrapper.cfbundle; includeInIndex = 0; path = TwitterCounterUITests.xctest; sourceTree = BUILT_PRODUCTS_DIR; };
		4D0A1D5528A80BE9007AFC19 /* TwitterCounterUITests.swift */ = {isa = PBXFileReference; lastKnownFileType = sourcecode.swift; path = TwitterCounterUITests.swift; sourceTree = "<group>"; };
		4D0A1D5728A80BE9007AFC19 /* TwitterCounterUITestsLaunchTests.swift */ = {isa = PBXFileReference; lastKnownFileType = sourcecode.swift; path = TwitterCounterUITestsLaunchTests.swift; sourceTree = "<group>"; };
		4D0A1D6E28A84CF2007AFC19 /* ViewController.xib */ = {isa = PBXFileReference; lastKnownFileType = file.xib; path = ViewController.xib; sourceTree = "<group>"; };
/* End PBXFileReference section */

/* Begin PBXFrameworksBuildPhase section */
		4D0A1D2E28A80BE7007AFC19 /* Frameworks */ = {
			isa = PBXFrameworksBuildPhase;
			buildActionMask = 2147483647;
			files = (
				4D06903028ADB50C00591CAC /* TwitterTextView in Frameworks */,
				4D06902D28ADB4FA00591CAC /* CharchtersCountView in Frameworks */,
			);
			runOnlyForDeploymentPostprocessing = 0;
		};
		4D0A1D4428A80BE8007AFC19 /* Frameworks */ = {
			isa = PBXFrameworksBuildPhase;
			buildActionMask = 2147483647;
			files = (
			);
			runOnlyForDeploymentPostprocessing = 0;
		};
		4D0A1D4E28A80BE9007AFC19 /* Frameworks */ = {
			isa = PBXFrameworksBuildPhase;
			buildActionMask = 2147483647;
			files = (
			);
			runOnlyForDeploymentPostprocessing = 0;
		};
/* End PBXFrameworksBuildPhase section */

/* Begin PBXGroup section */
		4D06903928ADB61500591CAC /* Localization */ = {
			isa = PBXGroup;
			children = (
				4D06903228ADB5F900591CAC /* Localization.swift */,
			);
			path = Localization;
			sourceTree = "<group>";
		};
		4D0A1D2828A80BE7007AFC19 = {
			isa = PBXGroup;
			children = (
				4D0A1D3328A80BE7007AFC19 /* TwitterCounter */,
				4D0A1D4A28A80BE8007AFC19 /* TwitterCounterTests */,
				4D0A1D5428A80BE9007AFC19 /* TwitterCounterUITests */,
				4D0A1D3228A80BE7007AFC19 /* Products */,
			);
			sourceTree = "<group>";
		};
		4D0A1D3228A80BE7007AFC19 /* Products */ = {
			isa = PBXGroup;
			children = (
				4D0A1D3128A80BE7007AFC19 /* TwitterCounter.app */,
				4D0A1D4728A80BE8007AFC19 /* TwitterCounterTests.xctest */,
				4D0A1D5128A80BE9007AFC19 /* TwitterCounterUITests.xctest */,
			);
			name = Products;
			sourceTree = "<group>";
		};
		4D0A1D3328A80BE7007AFC19 /* TwitterCounter */ = {
			isa = PBXGroup;
			children = (
				4D06903928ADB61500591CAC /* Localization */,
				4D0A1D7228A874C0007AFC19 /* View Controllers */,
				4D0A1D6428A80C90007AFC19 /* Extensions */,
				4D0A1D3428A80BE7007AFC19 /* AppDelegate.swift */,
				4D0A1D3D28A80BE8007AFC19 /* Assets.xcassets */,
				4D0A1D3F28A80BE8007AFC19 /* LaunchScreen.storyboard */,
				4D0A1D4228A80BE8007AFC19 /* Info.plist */,
			);
			path = TwitterCounter;
			sourceTree = "<group>";
		};
		4D0A1D4A28A80BE8007AFC19 /* TwitterCounterTests */ = {
			isa = PBXGroup;
			children = (
				4D0A1D4B28A80BE8007AFC19 /* TwitterCounterTests.swift */,
			);
			path = TwitterCounterTests;
			sourceTree = "<group>";
		};
		4D0A1D5428A80BE9007AFC19 /* TwitterCounterUITests */ = {
			isa = PBXGroup;
			children = (
				4D0A1D5528A80BE9007AFC19 /* TwitterCounterUITests.swift */,
				4D0A1D5728A80BE9007AFC19 /* TwitterCounterUITestsLaunchTests.swift */,
			);
			path = TwitterCounterUITests;
			sourceTree = "<group>";
		};
		4D0A1D6428A80C90007AFC19 /* Extensions */ = {
			isa = PBXGroup;
			children = (
				4D06903428ADB5F900591CAC /* UIButton+Extension.swift */,
				4D06903328ADB5F900591CAC /* UILabel+Extesnion.swift */,
				4D06903128ADB5F800591CAC /* View+Extension.swift */,
			);
			path = Extensions;
			sourceTree = "<group>";
		};
		4D0A1D7228A874C0007AFC19 /* View Controllers */ = {
			isa = PBXGroup;
			children = (
				4D0A1D3828A80BE7007AFC19 /* ViewController.swift */,
				4D0A1D6E28A84CF2007AFC19 /* ViewController.xib */,
			);
			path = "View Controllers";
			sourceTree = "<group>";
		};
/* End PBXGroup section */

/* Begin PBXNativeTarget section */
		4D0A1D3028A80BE7007AFC19 /* TwitterCounter */ = {
			isa = PBXNativeTarget;
			buildConfigurationList = 4D0A1D5B28A80BE9007AFC19 /* Build configuration list for PBXNativeTarget "TwitterCounter" */;
			buildPhases = (
				4D0A1D2D28A80BE7007AFC19 /* Sources */,
				4D0A1D2E28A80BE7007AFC19 /* Frameworks */,
				4D0A1D2F28A80BE7007AFC19 /* Resources */,
			);
			buildRules = (
			);
			dependencies = (
			);
			name = TwitterCounter;
			packageProductDependencies = (
				4D06902C28ADB4FA00591CAC /* CharchtersCountView */,
				4D06902F28ADB50C00591CAC /* TwitterTextView */,
			);
			productName = TwitterCounter;
			productReference = 4D0A1D3128A80BE7007AFC19 /* TwitterCounter.app */;
			productType = "com.apple.product-type.application";
		};
		4D0A1D4628A80BE8007AFC19 /* TwitterCounterTests */ = {
			isa = PBXNativeTarget;
			buildConfigurationList = 4D0A1D5E28A80BE9007AFC19 /* Build configuration list for PBXNativeTarget "TwitterCounterTests" */;
			buildPhases = (
				4D0A1D4328A80BE8007AFC19 /* Sources */,
				4D0A1D4428A80BE8007AFC19 /* Frameworks */,
				4D0A1D4528A80BE8007AFC19 /* Resources */,
			);
			buildRules = (
			);
			dependencies = (
				4D0A1D4928A80BE8007AFC19 /* PBXTargetDependency */,
			);
			name = TwitterCounterTests;
			productName = TwitterCounterTests;
			productReference = 4D0A1D4728A80BE8007AFC19 /* TwitterCounterTests.xctest */;
			productType = "com.apple.product-type.bundle.unit-test";
		};
		4D0A1D5028A80BE9007AFC19 /* TwitterCounterUITests */ = {
			isa = PBXNativeTarget;
			buildConfigurationList = 4D0A1D6128A80BE9007AFC19 /* Build configuration list for PBXNativeTarget "TwitterCounterUITests" */;
			buildPhases = (
				4D0A1D4D28A80BE9007AFC19 /* Sources */,
				4D0A1D4E28A80BE9007AFC19 /* Frameworks */,
				4D0A1D4F28A80BE9007AFC19 /* Resources */,
			);
			buildRules = (
			);
			dependencies = (
				4D0A1D5328A80BE9007AFC19 /* PBXTargetDependency */,
			);
			name = TwitterCounterUITests;
			productName = TwitterCounterUITests;
			productReference = 4D0A1D5128A80BE9007AFC19 /* TwitterCounterUITests.xctest */;
			productType = "com.apple.product-type.bundle.ui-testing";
		};
/* End PBXNativeTarget section */

/* Begin PBXProject section */
		4D0A1D2928A80BE7007AFC19 /* Project object */ = {
			isa = PBXProject;
			attributes = {
				BuildIndependentTargetsInParallel = 1;
				LastSwiftUpdateCheck = 1340;
				LastUpgradeCheck = 1340;
				TargetAttributes = {
					4D0A1D3028A80BE7007AFC19 = {
						CreatedOnToolsVersion = 13.4.1;
					};
					4D0A1D4628A80BE8007AFC19 = {
						CreatedOnToolsVersion = 13.4.1;
						TestTargetID = 4D0A1D3028A80BE7007AFC19;
					};
					4D0A1D5028A80BE9007AFC19 = {
						CreatedOnToolsVersion = 13.4.1;
						TestTargetID = 4D0A1D3028A80BE7007AFC19;
					};
				};
			};
			buildConfigurationList = 4D0A1D2C28A80BE7007AFC19 /* Build configuration list for PBXProject "TwitterCounter" */;
			compatibilityVersion = "Xcode 13.0";
			developmentRegion = en;
			hasScannedForEncodings = 0;
			knownRegions = (
				en,
				Base,
			);
			mainGroup = 4D0A1D2828A80BE7007AFC19;
			packageReferences = (
				4D06902B28ADB4FA00591CAC /* XCRemoteSwiftPackageReference "CharchtersCountView" */,
				4D06902E28ADB50C00591CAC /* XCRemoteSwiftPackageReference "TwitterTextView" */,
			);
			productRefGroup = 4D0A1D3228A80BE7007AFC19 /* Products */;
			projectDirPath = "";
			projectRoot = "";
			targets = (
				4D0A1D3028A80BE7007AFC19 /* TwitterCounter */,
				4D0A1D4628A80BE8007AFC19 /* TwitterCounterTests */,
				4D0A1D5028A80BE9007AFC19 /* TwitterCounterUITests */,
			);
		};
/* End PBXProject section */

/* Begin PBXResourcesBuildPhase section */
		4D0A1D2F28A80BE7007AFC19 /* Resources */ = {
			isa = PBXResourcesBuildPhase;
			buildActionMask = 2147483647;
			files = (
				4D0A1D6F28A84CF2007AFC19 /* ViewController.xib in Resources */,
				4D0A1D4128A80BE8007AFC19 /* LaunchScreen.storyboard in Resources */,
				4D0A1D3E28A80BE8007AFC19 /* Assets.xcassets in Resources */,
			);
			runOnlyForDeploymentPostprocessing = 0;
		};
		4D0A1D4528A80BE8007AFC19 /* Resources */ = {
			isa = PBXResourcesBuildPhase;
			buildActionMask = 2147483647;
			files = (
			);
			runOnlyForDeploymentPostprocessing = 0;
		};
		4D0A1D4F28A80BE9007AFC19 /* Resources */ = {
			isa = PBXResourcesBuildPhase;
			buildActionMask = 2147483647;
			files = (
			);
			runOnlyForDeploymentPostprocessing = 0;
		};
/* End PBXResourcesBuildPhase section */

/* Begin PBXSourcesBuildPhase section */
		4D0A1D2D28A80BE7007AFC19 /* Sources */ = {
			isa = PBXSourcesBuildPhase;
			buildActionMask = 2147483647;
			files = (
				4D06903628ADB5F900591CAC /* Localization.swift in Sources */,
				4D06903728ADB5F900591CAC /* UILabel+Extesnion.swift in Sources */,
				4D0A1D3928A80BE7007AFC19 /* ViewController.swift in Sources */,
				4D06903528ADB5F900591CAC /* View+Extension.swift in Sources */,
				4D0A1D3528A80BE7007AFC19 /* AppDelegate.swift in Sources */,
				4D06903828ADB5F900591CAC /* UIButton+Extension.swift in Sources */,
			);
			runOnlyForDeploymentPostprocessing = 0;
		};
		4D0A1D4328A80BE8007AFC19 /* Sources */ = {
			isa = PBXSourcesBuildPhase;
			buildActionMask = 2147483647;
			files = (
				4D0A1D4C28A80BE8007AFC19 /* TwitterCounterTests.swift in Sources */,
			);
			runOnlyForDeploymentPostprocessing = 0;
		};
		4D0A1D4D28A80BE9007AFC19 /* Sources */ = {
			isa = PBXSourcesBuildPhase;
			buildActionMask = 2147483647;
			files = (
				4D0A1D5628A80BE9007AFC19 /* TwitterCounterUITests.swift in Sources */,
				4D0A1D5828A80BE9007AFC19 /* TwitterCounterUITestsLaunchTests.swift in Sources */,
			);
			runOnlyForDeploymentPostprocessing = 0;
		};
/* End PBXSourcesBuildPhase section */

/* Begin PBXTargetDependency section */
		4D0A1D4928A80BE8007AFC19 /* PBXTargetDependency */ = {
			isa = PBXTargetDependency;
			target = 4D0A1D3028A80BE7007AFC19 /* TwitterCounter */;
			targetProxy = 4D0A1D4828A80BE8007AFC19 /* PBXContainerItemProxy */;
		};
		4D0A1D5328A80BE9007AFC19 /* PBXTargetDependency */ = {
			isa = PBXTargetDependency;
			target = 4D0A1D3028A80BE7007AFC19 /* TwitterCounter */;
			targetProxy = 4D0A1D5228A80BE9007AFC19 /* PBXContainerItemProxy */;
		};
/* End PBXTargetDependency section */

/* Begin PBXVariantGroup section */
		4D0A1D3F28A80BE8007AFC19 /* LaunchScreen.storyboard */ = {
			isa = PBXVariantGroup;
			children = (
				4D0A1D4028A80BE8007AFC19 /* Base */,
			);
			name = LaunchScreen.storyboard;
			sourceTree = "<group>";
		};
/* End PBXVariantGroup section */

/* Begin XCBuildConfiguration section */
		4D0A1D5928A80BE9007AFC19 /* Debug */ = {
			isa = XCBuildConfiguration;
			buildSettings = {
				ALWAYS_SEARCH_USER_PATHS = NO;
				CLANG_ANALYZER_NONNULL = YES;
				CLANG_ANALYZER_NUMBER_OBJECT_CONVERSION = YES_AGGRESSIVE;
				CLANG_CXX_LANGUAGE_STANDARD = "gnu++17";
				CLANG_ENABLE_MODULES = YES;
				CLANG_ENABLE_OBJC_ARC = YES;
				CLANG_ENABLE_OBJC_WEAK = YES;
				CLANG_WARN_BLOCK_CAPTURE_AUTORELEASING = YES;
				CLANG_WARN_BOOL_CONVERSION = YES;
				CLANG_WARN_COMMA = YES;
				CLANG_WARN_CONSTANT_CONVERSION = YES;
				CLANG_WARN_DEPRECATED_OBJC_IMPLEMENTATIONS = YES;
				CLANG_WARN_DIRECT_OBJC_ISA_USAGE = YES_ERROR;
				CLANG_WARN_DOCUMENTATION_COMMENTS = YES;
				CLANG_WARN_EMPTY_BODY = YES;
				CLANG_WARN_ENUM_CONVERSION = YES;
				CLANG_WARN_INFINITE_RECURSION = YES;
				CLANG_WARN_INT_CONVERSION = YES;
				CLANG_WARN_NON_LITERAL_NULL_CONVERSION = YES;
				CLANG_WARN_OBJC_IMPLICIT_RETAIN_SELF = YES;
				CLANG_WARN_OBJC_LITERAL_CONVERSION = YES;
				CLANG_WARN_OBJC_ROOT_CLASS = YES_ERROR;
				CLANG_WARN_QUOTED_INCLUDE_IN_FRAMEWORK_HEADER = YES;
				CLANG_WARN_RANGE_LOOP_ANALYSIS = YES;
				CLANG_WARN_STRICT_PROTOTYPES = YES;
				CLANG_WARN_SUSPICIOUS_MOVE = YES;
				CLANG_WARN_UNGUARDED_AVAILABILITY = YES_AGGRESSIVE;
				CLANG_WARN_UNREACHABLE_CODE = YES;
				CLANG_WARN__DUPLICATE_METHOD_MATCH = YES;
				COPY_PHASE_STRIP = NO;
				DEBUG_INFORMATION_FORMAT = dwarf;
				ENABLE_STRICT_OBJC_MSGSEND = YES;
				ENABLE_TESTABILITY = YES;
				GCC_C_LANGUAGE_STANDARD = gnu11;
				GCC_DYNAMIC_NO_PIC = NO;
				GCC_NO_COMMON_BLOCKS = YES;
				GCC_OPTIMIZATION_LEVEL = 0;
				GCC_PREPROCESSOR_DEFINITIONS = (
					"DEBUG=1",
					"$(inherited)",
				);
				GCC_WARN_64_TO_32_BIT_CONVERSION = YES;
				GCC_WARN_ABOUT_RETURN_TYPE = YES_ERROR;
				GCC_WARN_UNDECLARED_SELECTOR = YES;
				GCC_WARN_UNINITIALIZED_AUTOS = YES_AGGRESSIVE;
				GCC_WARN_UNUSED_FUNCTION = YES;
				GCC_WARN_UNUSED_VARIABLE = YES;
				IPHONEOS_DEPLOYMENT_TARGET = 15.5;
				MTL_ENABLE_DEBUG_INFO = INCLUDE_SOURCE;
				MTL_FAST_MATH = YES;
				ONLY_ACTIVE_ARCH = YES;
				SDKROOT = iphoneos;
				SWIFT_ACTIVE_COMPILATION_CONDITIONS = DEBUG;
				SWIFT_OPTIMIZATION_LEVEL = "-Onone";
			};
			name = Debug;
		};
		4D0A1D5A28A80BE9007AFC19 /* Release */ = {
			isa = XCBuildConfiguration;
			buildSettings = {
				ALWAYS_SEARCH_USER_PATHS = NO;
				CLANG_ANALYZER_NONNULL = YES;
				CLANG_ANALYZER_NUMBER_OBJECT_CONVERSION = YES_AGGRESSIVE;
				CLANG_CXX_LANGUAGE_STANDARD = "gnu++17";
				CLANG_ENABLE_MODULES = YES;
				CLANG_ENABLE_OBJC_ARC = YES;
				CLANG_ENABLE_OBJC_WEAK = YES;
				CLANG_WARN_BLOCK_CAPTURE_AUTORELEASING = YES;
				CLANG_WARN_BOOL_CONVERSION = YES;
				CLANG_WARN_COMMA = YES;
				CLANG_WARN_CONSTANT_CONVERSION = YES;
				CLANG_WARN_DEPRECATED_OBJC_IMPLEMENTATIONS = YES;
				CLANG_WARN_DIRECT_OBJC_ISA_USAGE = YES_ERROR;
				CLANG_WARN_DOCUMENTATION_COMMENTS = YES;
				CLANG_WARN_EMPTY_BODY = YES;
				CLANG_WARN_ENUM_CONVERSION = YES;
				CLANG_WARN_INFINITE_RECURSION = YES;
				CLANG_WARN_INT_CONVERSION = YES;
				CLANG_WARN_NON_LITERAL_NULL_CONVERSION = YES;
				CLANG_WARN_OBJC_IMPLICIT_RETAIN_SELF = YES;
				CLANG_WARN_OBJC_LITERAL_CONVERSION = YES;
				CLANG_WARN_OBJC_ROOT_CLASS = YES_ERROR;
				CLANG_WARN_QUOTED_INCLUDE_IN_FRAMEWORK_HEADER = YES;
				CLANG_WARN_RANGE_LOOP_ANALYSIS = YES;
				CLANG_WARN_STRICT_PROTOTYPES = YES;
				CLANG_WARN_SUSPICIOUS_MOVE = YES;
				CLANG_WARN_UNGUARDED_AVAILABILITY = YES_AGGRESSIVE;
				CLANG_WARN_UNREACHABLE_CODE = YES;
				CLANG_WARN__DUPLICATE_METHOD_MATCH = YES;
				COPY_PHASE_STRIP = NO;
				DEBUG_INFORMATION_FORMAT = "dwarf-with-dsym";
				ENABLE_NS_ASSERTIONS = NO;
				ENABLE_STRICT_OBJC_MSGSEND = YES;
				GCC_C_LANGUAGE_STANDARD = gnu11;
				GCC_NO_COMMON_BLOCKS = YES;
				GCC_WARN_64_TO_32_BIT_CONVERSION = YES;
				GCC_WARN_ABOUT_RETURN_TYPE = YES_ERROR;
				GCC_WARN_UNDECLARED_SELECTOR = YES;
				GCC_WARN_UNINITIALIZED_AUTOS = YES_AGGRESSIVE;
				GCC_WARN_UNUSED_FUNCTION = YES;
				GCC_WARN_UNUSED_VARIABLE = YES;
				IPHONEOS_DEPLOYMENT_TARGET = 15.5;
				MTL_ENABLE_DEBUG_INFO = NO;
				MTL_FAST_MATH = YES;
				SDKROOT = iphoneos;
				SWIFT_COMPILATION_MODE = wholemodule;
				SWIFT_OPTIMIZATION_LEVEL = "-O";
				VALIDATE_PRODUCT = YES;
			};
			name = Release;
		};
		4D0A1D5C28A80BE9007AFC19 /* Debug */ = {
			isa = XCBuildConfiguration;
			buildSettings = {
				ASSETCATALOG_COMPILER_APPICON_NAME = AppIcon;
				ASSETCATALOG_COMPILER_GLOBAL_ACCENT_COLOR_NAME = AccentColor;
				CODE_SIGN_STYLE = Automatic;
				CURRENT_PROJECT_VERSION = 1;
				GENERATE_INFOPLIST_FILE = YES;
				INFOPLIST_FILE = TwitterCounter/Info.plist;
				INFOPLIST_KEY_UIApplicationSupportsIndirectInputEvents = YES;
				INFOPLIST_KEY_UILaunchStoryboardName = LaunchScreen;
				INFOPLIST_KEY_UIMainStoryboardFile = LaunchScreen;
				INFOPLIST_KEY_UISupportedInterfaceOrientations_iPad = "UIInterfaceOrientationPortrait UIInterfaceOrientationPortraitUpsideDown UIInterfaceOrientationLandscapeLeft UIInterfaceOrientationLandscapeRight";
				INFOPLIST_KEY_UISupportedInterfaceOrientations_iPhone = "UIInterfaceOrientationPortrait UIInterfaceOrientationLandscapeLeft UIInterfaceOrientationLandscapeRight";
				LD_RUNPATH_SEARCH_PATHS = (
					"$(inherited)",
					"@executable_path/Frameworks",
				);
				MARKETING_VERSION = 1.0;
				PRODUCT_BUNDLE_IDENTIFIER = ios.TwitterCounter;
				PRODUCT_NAME = "$(TARGET_NAME)";
				SWIFT_EMIT_LOC_STRINGS = YES;
				SWIFT_VERSION = 5.0;
				TARGETED_DEVICE_FAMILY = "1,2";
			};
			name = Debug;
		};
		4D0A1D5D28A80BE9007AFC19 /* Release */ = {
			isa = XCBuildConfiguration;
			buildSettings = {
				ASSETCATALOG_COMPILER_APPICON_NAME = AppIcon;
				ASSETCATALOG_COMPILER_GLOBAL_ACCENT_COLOR_NAME = AccentColor;
				CODE_SIGN_STYLE = Automatic;
				CURRENT_PROJECT_VERSION = 1;
				GENERATE_INFOPLIST_FILE = YES;
				INFOPLIST_FILE = TwitterCounter/Info.plist;
				INFOPLIST_KEY_UIApplicationSupportsIndirectInputEvents = YES;
				INFOPLIST_KEY_UILaunchStoryboardName = LaunchScreen;
				INFOPLIST_KEY_UIMainStoryboardFile = LaunchScreen;
				INFOPLIST_KEY_UISupportedInterfaceOrientations_iPad = "UIInterfaceOrientationPortrait UIInterfaceOrientationPortraitUpsideDown UIInterfaceOrientationLandscapeLeft UIInterfaceOrientationLandscapeRight";
				INFOPLIST_KEY_UISupportedInterfaceOrientations_iPhone = "UIInterfaceOrientationPortrait UIInterfaceOrientationLandscapeLeft UIInterfaceOrientationLandscapeRight";
				LD_RUNPATH_SEARCH_PATHS = (
					"$(inherited)",
					"@executable_path/Frameworks",
				);
				MARKETING_VERSION = 1.0;
				PRODUCT_BUNDLE_IDENTIFIER = ios.TwitterCounter;
				PRODUCT_NAME = "$(TARGET_NAME)";
				SWIFT_EMIT_LOC_STRINGS = YES;
				SWIFT_VERSION = 5.0;
				TARGETED_DEVICE_FAMILY = "1,2";
			};
			name = Release;
		};
		4D0A1D5F28A80BE9007AFC19 /* Debug */ = {
			isa = XCBuildConfiguration;
			buildSettings = {
				ALWAYS_EMBED_SWIFT_STANDARD_LIBRARIES = YES;
				BUNDLE_LOADER = "$(TEST_HOST)";
				CODE_SIGN_STYLE = Automatic;
				CURRENT_PROJECT_VERSION = 1;
				GENERATE_INFOPLIST_FILE = YES;
				IPHONEOS_DEPLOYMENT_TARGET = 15.5;
				MARKETING_VERSION = 1.0;
				PRODUCT_BUNDLE_IDENTIFIER = ios.TwitterCounterTests;
				PRODUCT_NAME = "$(TARGET_NAME)";
				SWIFT_EMIT_LOC_STRINGS = NO;
				SWIFT_VERSION = 5.0;
				TARGETED_DEVICE_FAMILY = "1,2";
				TEST_HOST = "$(BUILT_PRODUCTS_DIR)/TwitterCounter.app/TwitterCounter";
			};
			name = Debug;
		};
		4D0A1D6028A80BE9007AFC19 /* Release */ = {
			isa = XCBuildConfiguration;
			buildSettings = {
				ALWAYS_EMBED_SWIFT_STANDARD_LIBRARIES = YES;
				BUNDLE_LOADER = "$(TEST_HOST)";
				CODE_SIGN_STYLE = Automatic;
				CURRENT_PROJECT_VERSION = 1;
				GENERATE_INFOPLIST_FILE = YES;
				IPHONEOS_DEPLOYMENT_TARGET = 15.5;
				MARKETING_VERSION = 1.0;
				PRODUCT_BUNDLE_IDENTIFIER = ios.TwitterCounterTests;
				PRODUCT_NAME = "$(TARGET_NAME)";
				SWIFT_EMIT_LOC_STRINGS = NO;
				SWIFT_VERSION = 5.0;
				TARGETED_DEVICE_FAMILY = "1,2";
				TEST_HOST = "$(BUILT_PRODUCTS_DIR)/TwitterCounter.app/TwitterCounter";
			};
			name = Release;
		};
		4D0A1D6228A80BE9007AFC19 /* Debug */ = {
			isa = XCBuildConfiguration;
			buildSettings = {
				ALWAYS_EMBED_SWIFT_STANDARD_LIBRARIES = YES;
				CODE_SIGN_STYLE = Automatic;
				CURRENT_PROJECT_VERSION = 1;
				GENERATE_INFOPLIST_FILE = YES;
				MARKETING_VERSION = 1.0;
				PRODUCT_BUNDLE_IDENTIFIER = ios.TwitterCounterUITests;
				PRODUCT_NAME = "$(TARGET_NAME)";
				SWIFT_EMIT_LOC_STRINGS = NO;
				SWIFT_VERSION = 5.0;
				TARGETED_DEVICE_FAMILY = "1,2";
				TEST_TARGET_NAME = TwitterCounter;
			};
			name = Debug;
		};
		4D0A1D6328A80BE9007AFC19 /* Release */ = {
			isa = XCBuildConfiguration;
			buildSettings = {
				ALWAYS_EMBED_SWIFT_STANDARD_LIBRARIES = YES;
				CODE_SIGN_STYLE = Automatic;
				CURRENT_PROJECT_VERSION = 1;
				GENERATE_INFOPLIST_FILE = YES;
				MARKETING_VERSION = 1.0;
				PRODUCT_BUNDLE_IDENTIFIER = ios.TwitterCounterUITests;
				PRODUCT_NAME = "$(TARGET_NAME)";
				SWIFT_EMIT_LOC_STRINGS = NO;
				SWIFT_VERSION = 5.0;
				TARGETED_DEVICE_FAMILY = "1,2";
				TEST_TARGET_NAME = TwitterCounter;
			};
			name = Release;
		};
/* End XCBuildConfiguration section */

/* Begin XCConfigurationList section */
		4D0A1D2C28A80BE7007AFC19 /* Build configuration list for PBXProject "TwitterCounter" */ = {
			isa = XCConfigurationList;
			buildConfigurations = (
				4D0A1D5928A80BE9007AFC19 /* Debug */,
				4D0A1D5A28A80BE9007AFC19 /* Release */,
			);
			defaultConfigurationIsVisible = 0;
			defaultConfigurationName = Release;
		};
		4D0A1D5B28A80BE9007AFC19 /* Build configuration list for PBXNativeTarget "TwitterCounter" */ = {
			isa = XCConfigurationList;
			buildConfigurations = (
				4D0A1D5C28A80BE9007AFC19 /* Debug */,
				4D0A1D5D28A80BE9007AFC19 /* Release */,
			);
			defaultConfigurationIsVisible = 0;
			defaultConfigurationName = Release;
		};
		4D0A1D5E28A80BE9007AFC19 /* Build configuration list for PBXNativeTarget "TwitterCounterTests" */ = {
			isa = XCConfigurationList;
			buildConfigurations = (
				4D0A1D5F28A80BE9007AFC19 /* Debug */,
				4D0A1D6028A80BE9007AFC19 /* Release */,
			);
			defaultConfigurationIsVisible = 0;
			defaultConfigurationName = Release;
		};
		4D0A1D6128A80BE9007AFC19 /* Build configuration list for PBXNativeTarget "TwitterCounterUITests" */ = {
			isa = XCConfigurationList;
			buildConfigurations = (
				4D0A1D6228A80BE9007AFC19 /* Debug */,
				4D0A1D6328A80BE9007AFC19 /* Release */,
			);
			defaultConfigurationIsVisible = 0;
			defaultConfigurationName = Release;
		};
/* End XCConfigurationList section */

/* Begin XCRemoteSwiftPackageReference section */
		4D06902B28ADB4FA00591CAC /* XCRemoteSwiftPackageReference "CharchtersCountView" */ = {
			isa = XCRemoteSwiftPackageReference;
			repositoryURL = "https://github.com/NohaMohamed/CharchtersCountView.git";
			requirement = {
				kind = upToNextMajorVersion;
				minimumVersion = 1.0.0;
			};
		};
		4D06902E28ADB50C00591CAC /* XCRemoteSwiftPackageReference "TwitterTextView" */ = {
			isa = XCRemoteSwiftPackageReference;
			repositoryURL = "https://github.com/NohaMohamed/TwitterTextView.git";
			requirement = {
				branch = TwitterTextView;
				kind = branch;
			};
		};
/* End XCRemoteSwiftPackageReference section */

/* Begin XCSwiftPackageProductDependency section */
		4D06902C28ADB4FA00591CAC /* CharchtersCountView */ = {
			isa = XCSwiftPackageProductDependency;
			package = 4D06902B28ADB4FA00591CAC /* XCRemoteSwiftPackageReference "CharchtersCountView" */;
			productName = CharchtersCountView;
		};
		4D06902F28ADB50C00591CAC /* TwitterTextView */ = {
			isa = XCSwiftPackageProductDependency;
			package = 4D06902E28ADB50C00591CAC /* XCRemoteSwiftPackageReference "TwitterTextView" */;
			productName = TwitterTextView;
		};
/* End XCSwiftPackageProductDependency section */
	};
	rootObject = 4D0A1D2928A80BE7007AFC19 /* Project object */;
}
