{
  "pins" : [
    {
      "identity" : "characterscountview",
      "kind" : "remoteSourceControl",
      "location" : "https://github.com/NohaMohamed/CharactersCountView.git",
      "state" : {
        "branch" : "main",
        "revision" : "74afc9ea63ed0c692c3f35c5219cd657d2439f18"
      }
    },
    {
      "identity" : "twittertextview",
      "kind" : "remoteSourceControl",
      "location" : "https://github.com/NohaMohamed/TwitterTextView.git",
      "state" : {
        "branch" : "TwitterTextView",
        "revision" : "3c9662b4bed0fe9b29f902e9f0f0a690a197791f"
      }
    }
  ],
  "version" : 2
}
