{
  "pins" : [
    {
      "identity" : "charchterscountview",
      "kind" : "remoteSourceControl",
      "location" : "https://github.com/NohaMohamed/CharchtersCountView.git",
      "state" : {
        "revision" : "b95ddd10405f0ebaadc0ad6cbc3ddf7187b75263",
        "version" : "0.0.4"
      }
    }
  ],
  "version" : 2
}
